{
  "name": "tilelive-tmsource",
  "version": "0.8.2",
  "lockfileVersion": 1,
  "requires": true,
  "dependencies": {
    "@mapbox/tilelive-bridge": {
      "version": "3.0.0",
      "resolved": "https://registry.npmjs.org/@mapbox/tilelive-bridge/-/tilelive-bridge-3.0.0.tgz",
      "integrity": "sha1-h3ej63u5rqAmdAKYxV6PlejItoQ=",
      "requires": {
        "@mapbox/sphericalmercator": "~1.0.1",
        "mapnik-pool": "~0.1.3"
      }
    },
    "mapnik": {
      "version": "4.0.2",
      "resolved": "https://registry.npmjs.org/mapnik/-/mapnik-4.0.2.tgz",
      "integrity": "sha512-Qtuf1sS5MKkIxaZiog30nHL+ekTrZXwMk4iZ9RnDkwEA7z4/6ypKw8pHXvLWl050+ceVFYBqffzKTDMJGb/o0Q==",
      "requires": {
        "mapnik-vector-tile": "2.2.1",
        "nan": "~2.10.0",
        "node-pre-gyp": "~0.10.0"
      }
    }
  }
}
